
Microsoft Visual Studio Solution File, Format Version 11.00
# Visual Studio 2010
Project("{FAE04EC0-301F-11D3-BF4B-00C04F79EFBC}") = "HACKATHONPROJECT", "new3\HACKATHONPROJECT.csproj", "{C8B2927B-7A5F-451F-AD34-77D95FDC93DC}"
EndProject
Global
	GlobalSection(SolutionConfigurationPlatforms) = preSolution
		Debug|Any CPU = Debug|Any CPU
		Release|Any CPU = Release|Any CPU
	EndGlobalSection
	GlobalSection(ProjectConfigurationPlatforms) = postSolution
		{C8B2927B-7A5F-451F-AD34-77D95FDC93DC}.Debug|Any CPU.ActiveCfg = Debug|Any CPU
		{C8B2927B-7A5F-451F-AD34-77D95FDC93DC}.Debug|Any CPU.Build.0 = Debug|Any CPU
		{C8B2927B-7A5F-451F-AD34-77D95FDC93DC}.Release|Any CPU.ActiveCfg = Release|Any CPU
		{C8B2927B-7A5F-451F-AD34-77D95FDC93DC}.Release|Any CPU.Build.0 = Release|Any CPU
	EndGlobalSection
	GlobalSection(SolutionProperties) = preSolution
		HideSolutionNode = FALSE
	EndGlobalSection
EndGlobal
